DEPENDENCIES
  dms_controller
    path: .
    metadata: true

GRAPH
  dms_controller (0.1.1)
    dms_controller_base (>= 0.0.0)
  dms_controller_base (0.3.3)
    epi_apache (>= 0.4.1)
    epi_base (>= 0.0.0)
    epi_collectd (>= 0.0.0)
    epi_java (>= 0.0.0)
    epi_ruby (>= 0.0.0)
    epi_server_base (>= 0.2.7)
    epi_tomcat (>= 0.1.2)
  epi_apache (0.19.1)
  epi_base (1.8.0)
  epi_collectd (0.1.1)
    epi_server_base (>= 0.0.0)
  epi_ganglia (0.1.1)
  epi_java (0.2.4)
  epi_ruby (0.6.2)
  epi_server_base (0.9.1)
    epi_base (>= 0.0.0)
    epi_ganglia (>= 0.0.0)
  epi_tomcat (0.6.0)
